		.Debug|Any CPU.Deploy.0 = Debug|Any CPU
		.Release|Any CPU.Deploy.0 = Release|Any CPU
		.Debug|Any CPU.Deploy.0 = Debug|Any CPU
		.Release|Any CPU.Deploy.0 = Release|Any CPU

Microsoft Visual Studio Solution File, Format Version 12.00
# Visual Studio Version 17
VisualStudioVersion = 17.0.31611.283
MinimumVisualStudioVersion = 10.0.40219.1
Project("{FAE04EC0-301F-11D3-BF4B-00C04F79EFBC}") = "DataFormGetStarted", "DataFormGetStarted\DataFormGetStarted.csproj", "{2CC57DF5-1395-4D13-AFB7-87234C5DF2B1}"
EndProject
Project("{9A19103F-16F7-4668-BE54-9A1E7A4F7556}") = "ComboBoxEditor", "ComboBoxEditor\ComboBoxEditor.csproj", "{503BD072-0FF5-4B43-B96D-E8224AED3417}"
EndProject
Project("{9A19103F-16F7-4668-BE54-9A1E7A4F7556}") = "AddingDataEditorsAtRuntime", "AddingDataEditorsAtRuntime\AddingDataEditorsAtRuntime.csproj", "{7F43CE3F-0C63-45E5-AAC1-5EE5FF2D3041}"
EndProject
Project("{FAE04EC0-301F-11D3-BF4B-00C04F79EFBC}") = "CustomAppearance", "CustomAppearance\CustomAppearance.csproj", "{1528F0DE-9FAF-4220-924B-75C26A710C9C}"
EndProject
Project("{FAE04EC0-301F-11D3-BF4B-00C04F79EFBC}") = "EditFormExample", "EditFormExample\EditFormExample.csproj", "{76C22E1C-7AB2-488C-9F7E-C4145CFBB029}"
EndProject
Global
	GlobalSection(SolutionConfigurationPlatforms) = preSolution
		Debug|Any CPU = Debug|Any CPU
		Release|Any CPU = Release|Any CPU
	EndGlobalSection
	GlobalSection(ProjectConfigurationPlatforms) = postSolution
		{2CC57DF5-1395-4D13-AFB7-87234C5DF2B1}.Debug|Any CPU.ActiveCfg = Debug|Any CPU
		{2CC57DF5-1395-4D13-AFB7-87234C5DF2B1}.Debug|Any CPU.Build.0 = Debug|Any CPU
		{2CC57DF5-1395-4D13-AFB7-87234C5DF2B1}.Debug|Any CPU.Deploy.0 = Debug|Any CPU
		{2CC57DF5-1395-4D13-AFB7-87234C5DF2B1}.Release|Any CPU.ActiveCfg = Release|Any CPU
		{2CC57DF5-1395-4D13-AFB7-87234C5DF2B1}.Release|Any CPU.Build.0 = Release|Any CPU
		{2CC57DF5-1395-4D13-AFB7-87234C5DF2B1}.Release|Any CPU.Deploy.0 = Release|Any CPU
		{503BD072-0FF5-4B43-B96D-E8224AED3417}.Debug|Any CPU.ActiveCfg = Debug|Any CPU
		{503BD072-0FF5-4B43-B96D-E8224AED3417}.Debug|Any CPU.Build.0 = Debug|Any CPU
		{503BD072-0FF5-4B43-B96D-E8224AED3417}.Debug|Any CPU.Deploy.0 = Debug|Any CPU
		{503BD072-0FF5-4B43-B96D-E8224AED3417}.Release|Any CPU.ActiveCfg = Release|Any CPU
		{503BD072-0FF5-4B43-B96D-E8224AED3417}.Release|Any CPU.Build.0 = Release|Any CPU
		{503BD072-0FF5-4B43-B96D-E8224AED3417}.Release|Any CPU.Deploy.0 = Release|Any CPU
		{7F43CE3F-0C63-45E5-AAC1-5EE5FF2D3041}.Debug|Any CPU.ActiveCfg = Debug|Any CPU
		{7F43CE3F-0C63-45E5-AAC1-5EE5FF2D3041}.Debug|Any CPU.Build.0 = Debug|Any CPU
		{7F43CE3F-0C63-45E5-AAC1-5EE5FF2D3041}.Debug|Any CPU.Deploy.0 = Debug|Any CPU
		{7F43CE3F-0C63-45E5-AAC1-5EE5FF2D3041}.Release|Any CPU.ActiveCfg = Release|Any CPU
		{7F43CE3F-0C63-45E5-AAC1-5EE5FF2D3041}.Release|Any CPU.Build.0 = Release|Any CPU
		{7F43CE3F-0C63-45E5-AAC1-5EE5FF2D3041}.Release|Any CPU.Deploy.0 = Release|Any CPU
		{1528F0DE-9FAF-4220-924B-75C26A710C9C}.Debug|Any CPU.ActiveCfg = Debug|Any CPU
		{1528F0DE-9FAF-4220-924B-75C26A710C9C}.Debug|Any CPU.Build.0 = Debug|Any CPU
		{1528F0DE-9FAF-4220-924B-75C26A710C9C}.Debug|Any CPU.Deploy.0 = Debug|Any CPU
		{1528F0DE-9FAF-4220-924B-75C26A710C9C}.Release|Any CPU.ActiveCfg = Release|Any CPU
		{1528F0DE-9FAF-4220-924B-75C26A710C9C}.Release|Any CPU.Build.0 = Release|Any CPU
		{1528F0DE-9FAF-4220-924B-75C26A710C9C}.Release|Any CPU.Deploy.0 = Release|Any CPU
		{76C22E1C-7AB2-488C-9F7E-C4145CFBB029}.Debug|Any CPU.ActiveCfg = Debug|Any CPU
		{76C22E1C-7AB2-488C-9F7E-C4145CFBB029}.Debug|Any CPU.Build.0 = Debug|Any CPU
		{76C22E1C-7AB2-488C-9F7E-C4145CFBB029}.Debug|Any CPU.Deploy.0 = Debug|Any CPU
		{76C22E1C-7AB2-488C-9F7E-C4145CFBB029}.Release|Any CPU.ActiveCfg = Release|Any CPU
		{76C22E1C-7AB2-488C-9F7E-C4145CFBB029}.Release|Any CPU.Build.0 = Release|Any CPU
		{76C22E1C-7AB2-488C-9F7E-C4145CFBB029}.Release|Any CPU.Deploy.0 = Release|Any CPU
	EndGlobalSection
	GlobalSection(SolutionProperties) = preSolution
		HideSolutionNode = FALSE
	EndGlobalSection
	GlobalSection(ExtensibilityGlobals) = postSolution
		SolutionGuid = {61F7FB11-1E47-470C-91E2-47F8143E1572}
	EndGlobalSection
EndGlobal
