
Microsoft Visual Studio Solution File, Format Version 12.00
# Visual Studio Version 17
VisualStudioVersion = 17.0.31903.59
MinimumVisualStudioVersion = 10.0.40219.1
Project("{FAE04EC0-301F-11D3-BF4B-00C04F79EFBC}") = "EditFormExample", "EditFormExample.csproj", "{8E699DB8-1EB6-45D2-8590-FF529BFD13FC}"
EndProject
Global
	GlobalSection(SolutionConfigurationPlatforms) = preSolution
		Debug|Any CPU = Debug|Any CPU
		Release|Any CPU = Release|Any CPU
	EndGlobalSection
	GlobalSection(SolutionProperties) = preSolution
		HideSolutionNode = FALSE
	EndGlobalSection
	GlobalSection(ProjectConfigurationPlatforms) = postSolution
		{8E699DB8-1EB6-45D2-8590-FF529BFD13FC}.Debug|Any CPU.ActiveCfg = Debug|Any CPU
		{8E699DB8-1EB6-45D2-8590-FF529BFD13FC}.Debug|Any CPU.Build.0 = Debug|Any CPU
		{8E699DB8-1EB6-45D2-8590-FF529BFD13FC}.Release|Any CPU.ActiveCfg = Release|Any CPU
		{8E699DB8-1EB6-45D2-8590-FF529BFD13FC}.Release|Any CPU.Build.0 = Release|Any CPU
	EndGlobalSection
EndGlobal
